
Microsoft Visual Studio Solution File, Format Version 12.00
# Visual Studio Version 16
VisualStudioVersion = 16.0.29926.136
MinimumVisualStudioVersion = 10.0.40219.1
Project("{9A19103F-16F7-4668-BE54-9A1E7A4F7556}") = "Logger", "Logger\Logger.csproj", "{327C0002-25EA-4BC0-AEA2-4A78C7274CB8}"
EndProject
Project("{FAE04EC0-301F-11D3-BF4B-00C04F79EFBC}") = "SqlLogger", "SqlLogger\SqlLogger.csproj", "{6069941D-F79C-4933-9997-DDC19BF934E2}"
EndProject
Project("{FAE04EC0-301F-11D3-BF4B-00C04F79EFBC}") = "FileLogger", "FileLogger\FileLogger.csproj", "{956572A1-C1FC-4FA7-AA8D-97FA5658D4B2}"
EndProject
Project("{FAE04EC0-301F-11D3-BF4B-00C04F79EFBC}") = "ConsoleLogger", "ConsoleLogger\ConsoleLogger.csproj", "{40CD0A0F-84CE-43A8-B8B9-B19FC57C7A5B}"
EndProject
Project("{2150E333-8FDC-42A3-9474-1A3956D46DE8}") = "Tests", "Tests", "{2B309AF6-4676-4839-96C5-D7FB75FD736A}"
EndProject
Project("{FAE04EC0-301F-11D3-BF4B-00C04F79EFBC}") = "Logger.Tests", "Logger.Tests\Logger.Tests.csproj", "{D71414E1-B762-4914-9F88-19422EC996CF}"
EndProject
Project("{FAE04EC0-301F-11D3-BF4B-00C04F79EFBC}") = "ConsoleLogger.Tests", "ConsoleLogger.Tests\ConsoleLogger.Tests.csproj", "{FD6A97AC-91D7-4FE9-8973-4D8194EC9B4A}"
EndProject
Project("{FAE04EC0-301F-11D3-BF4B-00C04F79EFBC}") = "FileLogger.Tests", "FileLogger.Tests\FileLogger.Tests.csproj", "{4E3312AD-4659-452B-BDCA-776BE9EDDAA2}"
EndProject
Project("{FAE04EC0-301F-11D3-BF4B-00C04F79EFBC}") = "SqlLogger.Tests", "SqlLogger.Tests\SqlLogger.Tests.csproj", "{2800161B-86D3-47D7-9913-A49CDB3885B0}"
EndProject
Project("{FAE04EC0-301F-11D3-BF4B-00C04F79EFBC}") = "ConsoleLogger.Integration.Tests", "ConsoleLogger.Integration.Tests\ConsoleLogger.Integration.Tests.csproj", "{E5320F8F-9336-4A2A-84CB-69D373E8F8A3}"
EndProject
Project("{FAE04EC0-301F-11D3-BF4B-00C04F79EFBC}") = "FileLogger.Integration.Tests", "FileLogger.Integration.Tests\FileLogger.Integration.Tests.csproj", "{42E738A6-DE62-4FEB-AA33-8C97BA1AF82E}"
EndProject
Global
	GlobalSection(SolutionConfigurationPlatforms) = preSolution
		Debug|Any CPU = Debug|Any CPU
		Release|Any CPU = Release|Any CPU
	EndGlobalSection
	GlobalSection(ProjectConfigurationPlatforms) = postSolution
		{327C0002-25EA-4BC0-AEA2-4A78C7274CB8}.Debug|Any CPU.ActiveCfg = Debug|Any CPU
		{327C0002-25EA-4BC0-AEA2-4A78C7274CB8}.Debug|Any CPU.Build.0 = Debug|Any CPU
		{327C0002-25EA-4BC0-AEA2-4A78C7274CB8}.Release|Any CPU.ActiveCfg = Release|Any CPU
		{327C0002-25EA-4BC0-AEA2-4A78C7274CB8}.Release|Any CPU.Build.0 = Release|Any CPU
		{6069941D-F79C-4933-9997-DDC19BF934E2}.Debug|Any CPU.ActiveCfg = Debug|Any CPU
		{6069941D-F79C-4933-9997-DDC19BF934E2}.Debug|Any CPU.Build.0 = Debug|Any CPU
		{6069941D-F79C-4933-9997-DDC19BF934E2}.Release|Any CPU.ActiveCfg = Release|Any CPU
		{6069941D-F79C-4933-9997-DDC19BF934E2}.Release|Any CPU.Build.0 = Release|Any CPU
		{956572A1-C1FC-4FA7-AA8D-97FA5658D4B2}.Debug|Any CPU.ActiveCfg = Debug|Any CPU
		{956572A1-C1FC-4FA7-AA8D-97FA5658D4B2}.Debug|Any CPU.Build.0 = Debug|Any CPU
		{956572A1-C1FC-4FA7-AA8D-97FA5658D4B2}.Release|Any CPU.ActiveCfg = Release|Any CPU
		{956572A1-C1FC-4FA7-AA8D-97FA5658D4B2}.Release|Any CPU.Build.0 = Release|Any CPU
		{40CD0A0F-84CE-43A8-B8B9-B19FC57C7A5B}.Debug|Any CPU.ActiveCfg = Debug|Any CPU
		{40CD0A0F-84CE-43A8-B8B9-B19FC57C7A5B}.Debug|Any CPU.Build.0 = Debug|Any CPU
		{40CD0A0F-84CE-43A8-B8B9-B19FC57C7A5B}.Release|Any CPU.ActiveCfg = Release|Any CPU
		{40CD0A0F-84CE-43A8-B8B9-B19FC57C7A5B}.Release|Any CPU.Build.0 = Release|Any CPU
		{D71414E1-B762-4914-9F88-19422EC996CF}.Debug|Any CPU.ActiveCfg = Debug|Any CPU
		{D71414E1-B762-4914-9F88-19422EC996CF}.Debug|Any CPU.Build.0 = Debug|Any CPU
		{D71414E1-B762-4914-9F88-19422EC996CF}.Release|Any CPU.ActiveCfg = Release|Any CPU
		{D71414E1-B762-4914-9F88-19422EC996CF}.Release|Any CPU.Build.0 = Release|Any CPU
		{FD6A97AC-91D7-4FE9-8973-4D8194EC9B4A}.Debug|Any CPU.ActiveCfg = Debug|Any CPU
		{FD6A97AC-91D7-4FE9-8973-4D8194EC9B4A}.Debug|Any CPU.Build.0 = Debug|Any CPU
		{FD6A97AC-91D7-4FE9-8973-4D8194EC9B4A}.Release|Any CPU.ActiveCfg = Release|Any CPU
		{FD6A97AC-91D7-4FE9-8973-4D8194EC9B4A}.Release|Any CPU.Build.0 = Release|Any CPU
		{4E3312AD-4659-452B-BDCA-776BE9EDDAA2}.Debug|Any CPU.ActiveCfg = Debug|Any CPU
		{4E3312AD-4659-452B-BDCA-776BE9EDDAA2}.Debug|Any CPU.Build.0 = Debug|Any CPU
		{4E3312AD-4659-452B-BDCA-776BE9EDDAA2}.Release|Any CPU.ActiveCfg = Release|Any CPU
		{4E3312AD-4659-452B-BDCA-776BE9EDDAA2}.Release|Any CPU.Build.0 = Release|Any CPU
		{2800161B-86D3-47D7-9913-A49CDB3885B0}.Debug|Any CPU.ActiveCfg = Debug|Any CPU
		{2800161B-86D3-47D7-9913-A49CDB3885B0}.Debug|Any CPU.Build.0 = Debug|Any CPU
		{2800161B-86D3-47D7-9913-A49CDB3885B0}.Release|Any CPU.ActiveCfg = Release|Any CPU
		{2800161B-86D3-47D7-9913-A49CDB3885B0}.Release|Any CPU.Build.0 = Release|Any CPU
		{E5320F8F-9336-4A2A-84CB-69D373E8F8A3}.Debug|Any CPU.ActiveCfg = Debug|Any CPU
		{E5320F8F-9336-4A2A-84CB-69D373E8F8A3}.Debug|Any CPU.Build.0 = Debug|Any CPU
		{E5320F8F-9336-4A2A-84CB-69D373E8F8A3}.Release|Any CPU.ActiveCfg = Release|Any CPU
		{E5320F8F-9336-4A2A-84CB-69D373E8F8A3}.Release|Any CPU.Build.0 = Release|Any CPU
		{42E738A6-DE62-4FEB-AA33-8C97BA1AF82E}.Debug|Any CPU.ActiveCfg = Debug|Any CPU
		{42E738A6-DE62-4FEB-AA33-8C97BA1AF82E}.Debug|Any CPU.Build.0 = Debug|Any CPU
		{42E738A6-DE62-4FEB-AA33-8C97BA1AF82E}.Release|Any CPU.ActiveCfg = Release|Any CPU
		{42E738A6-DE62-4FEB-AA33-8C97BA1AF82E}.Release|Any CPU.Build.0 = Release|Any CPU
	EndGlobalSection
	GlobalSection(SolutionProperties) = preSolution
		HideSolutionNode = FALSE
	EndGlobalSection
	GlobalSection(NestedProjects) = preSolution
		{D71414E1-B762-4914-9F88-19422EC996CF} = {2B309AF6-4676-4839-96C5-D7FB75FD736A}
		{FD6A97AC-91D7-4FE9-8973-4D8194EC9B4A} = {2B309AF6-4676-4839-96C5-D7FB75FD736A}
		{4E3312AD-4659-452B-BDCA-776BE9EDDAA2} = {2B309AF6-4676-4839-96C5-D7FB75FD736A}
		{2800161B-86D3-47D7-9913-A49CDB3885B0} = {2B309AF6-4676-4839-96C5-D7FB75FD736A}
		{E5320F8F-9336-4A2A-84CB-69D373E8F8A3} = {2B309AF6-4676-4839-96C5-D7FB75FD736A}
		{42E738A6-DE62-4FEB-AA33-8C97BA1AF82E} = {2B309AF6-4676-4839-96C5-D7FB75FD736A}
	EndGlobalSection
	GlobalSection(ExtensibilityGlobals) = postSolution
		SolutionGuid = {77265015-DAB7-4098-ACA0-353E8CC2C685}
	EndGlobalSection
EndGlobal
